
Microsoft Visual Studio Solution File, Format Version 12.00
# Visual Studio Version 16
VisualStudioVersion = 16.0.30011.22
MinimumVisualStudioVersion = 10.0.40219.1
Project("{9A19103F-16F7-4668-BE54-9A1E7A4F7556}") = "BO.Elastic.Panel", "BO.Elastic.Panel\BO.Elastic.Panel.csproj", "{C6EB1A7E-A5E3-48BC-B25F-1AFC2DF39F71}"
EndProject
Project("{9A19103F-16F7-4668-BE54-9A1E7A4F7556}") = "BO.Elastic.BLL", "BO.Elastic.BLL\BO.Elastic.BLL.csproj", "{3A9E7344-C9E1-4605-AB2B-48A6BA8F33BA}"
EndProject
Project("{9A19103F-16F7-4668-BE54-9A1E7A4F7556}") = "BO.Elastic.BLL.Test", "BO.Elastic.BLL.Test\BO.Elastic.BLL.Test.csproj", "{47BF7EF3-8069-419A-8968-8D1B4534D20F}"
EndProject
Global
	GlobalSection(SolutionConfigurationPlatforms) = preSolution
		Debug|Any CPU = Debug|Any CPU
		Release|Any CPU = Release|Any CPU
	EndGlobalSection
	GlobalSection(ProjectConfigurationPlatforms) = postSolution
		{C6EB1A7E-A5E3-48BC-B25F-1AFC2DF39F71}.Debug|Any CPU.ActiveCfg = Debug|Any CPU
		{C6EB1A7E-A5E3-48BC-B25F-1AFC2DF39F71}.Debug|Any CPU.Build.0 = Debug|Any CPU
		{C6EB1A7E-A5E3-48BC-B25F-1AFC2DF39F71}.Release|Any CPU.ActiveCfg = Release|Any CPU
		{C6EB1A7E-A5E3-48BC-B25F-1AFC2DF39F71}.Release|Any CPU.Build.0 = Release|Any CPU
		{3A9E7344-C9E1-4605-AB2B-48A6BA8F33BA}.Debug|Any CPU.ActiveCfg = Debug|Any CPU
		{3A9E7344-C9E1-4605-AB2B-48A6BA8F33BA}.Debug|Any CPU.Build.0 = Debug|Any CPU
		{3A9E7344-C9E1-4605-AB2B-48A6BA8F33BA}.Release|Any CPU.ActiveCfg = Release|Any CPU
		{3A9E7344-C9E1-4605-AB2B-48A6BA8F33BA}.Release|Any CPU.Build.0 = Release|Any CPU
		{47BF7EF3-8069-419A-8968-8D1B4534D20F}.Debug|Any CPU.ActiveCfg = Debug|Any CPU
		{47BF7EF3-8069-419A-8968-8D1B4534D20F}.Debug|Any CPU.Build.0 = Debug|Any CPU
		{47BF7EF3-8069-419A-8968-8D1B4534D20F}.Release|Any CPU.ActiveCfg = Release|Any CPU
		{47BF7EF3-8069-419A-8968-8D1B4534D20F}.Release|Any CPU.Build.0 = Release|Any CPU
	EndGlobalSection
	GlobalSection(SolutionProperties) = preSolution
		HideSolutionNode = FALSE
	EndGlobalSection
	GlobalSection(ExtensibilityGlobals) = postSolution
		SolutionGuid = {729E3CFB-BAE9-4839-A6E8-36FCBE290D30}
	EndGlobalSection
EndGlobal
